{
  "name": "test-app",
  "version": "0.0.1",
  "lockfileVersion": 1,
  "requires": true,
  "dependencies": {
    "angular": {
      "version": "1.7.2",
      "resolved": "https://registry.npmjs.org/angular/-/angular-1.7.2.tgz",
      "integrity": "sha512-JcKKJbBdybUsmQ6x1M3xWyTYQ/ioVKJhSByEAjqrhmlOfvMFdhfMqAx5KIo8rLGk4DFolYPcCSgssjgTVjCtRQ=="
    },
    "angular-animate": {
      "version": "1.5.3",
      "resolved": "https://registry.npmjs.org/angular-animate/-/angular-animate-1.5.3.tgz",
      "integrity": "sha1-IZuN4tqGVMdkItq1jkj7CCbYZ+4="
    },
    "angular-hammer": {
      "version": "2.2.0",
      "resolved": "https://registry.npmjs.org/angular-hammer/-/angular-hammer-2.2.0.tgz",
      "integrity": "sha1-Ev+7P8L5cZx4C6MyyQWsj8pFkuA=",
      "requires": {
        "angular": ">=1.2.0",
        "hammerjs": ">=2.0.0"
      }
    },
    "angular-pdf": {
      "version": "2.0.0",
      "resolved": "https://registry.npmjs.org/angular-pdf/-/angular-pdf-2.0.0.tgz",
      "integrity": "sha1-bz/TnNDSIpujxaIbkZFTJLMA1vg="
    },
    "angular-sweetalert": {
      "version": "1.1.2",
      "resolved": "https://registry.npmjs.org/angular-sweetalert/-/angular-sweetalert-1.1.2.tgz",
      "integrity": "sha1-tQkMTh+khtm2G56nmdW3B7sEQi8=",
      "requires": {
        "angular": "^1.3.14",
        "sweetalert": "^0.4.2"
      }
    },
    "angular-toastr": {
      "version": "1.3.0",
      "resolved": "https://registry.npmjs.org/angular-toastr/-/angular-toastr-1.3.0.tgz",
      "integrity": "sha1-MExIDPe1YQ+g6Yz9bdgJrI/N2AM="
    },
    "angular-ui-bootstrap": {
      "version": "1.3.3",
      "resolved": "https://registry.npmjs.org/angular-ui-bootstrap/-/angular-ui-bootstrap-1.3.3.tgz",
      "integrity": "sha1-SCD4ldQzwXq+tKxzh/LxIsv4wRw="
    },
    "bootstrap": {
      "version": "3.3.7",
      "resolved": "https://registry.npmjs.org/bootstrap/-/bootstrap-3.3.7.tgz",
      "integrity": "sha1-WjiTlFSfIzMIdaOxUGVldPip63E="
    },
    "hammerjs": {
      "version": "2.0.8",
      "resolved": "https://registry.npmjs.org/hammerjs/-/hammerjs-2.0.8.tgz",
      "integrity": "sha1-BO93hiz/K7edMPdpIJWTAiK/YPE="
    },
    "jquery": {
      "version": "3.3.1",
      "resolved": "https://registry.npmjs.org/jquery/-/jquery-3.3.1.tgz",
      "integrity": "sha512-Ubldcmxp5np52/ENotGxlLe6aGMvmF4R8S6tZjsP6Knsaxd/xp3Zrh50cG93lR6nPXyUFwzN3ZSOQI0wRJNdGg=="
    },
    "mescroll.js": {
      "version": "1.3.2",
      "resolved": "https://registry.npmjs.org/mescroll.js/-/mescroll.js-1.3.2.tgz",
      "integrity": "sha512-X9VFd6H4SHJ/F5ig4uEuZPvk8yL3Zs7PPB0umkMV11LXJt/LXN1UaRH83yr6SPa3s3SN30TQszWcAUnVuwllIQ=="
    },
    "mobile-select": {
      "version": "1.1.2",
      "resolved": "https://registry.npmjs.org/mobile-select/-/mobile-select-1.1.2.tgz",
      "integrity": "sha1-Hcuei0G7RlJXm8XUyOumFwO7RX8=",
      "dev": true
    },
    "ng-material-floating-button": {
      "version": "0.6.2",
      "resolved": "https://registry.npmjs.org/ng-material-floating-button/-/ng-material-floating-button-0.6.2.tgz",
      "integrity": "sha1-AZOZGpM82DnISsJAPR0CNICJiig="
    },
    "ng-tags-input": {
      "version": "3.2.0",
      "resolved": "https://registry.npmjs.org/ng-tags-input/-/ng-tags-input-3.2.0.tgz",
      "integrity": "sha1-kSgt5XUTDIq3lHl/6/CXKw87uj4="
    },
    "node-ensure": {
      "version": "0.0.0",
      "resolved": "https://registry.npmjs.org/node-ensure/-/node-ensure-0.0.0.tgz",
      "integrity": "sha1-7K52QVDemYYexcgQ/V0Jaxg5Mqc="
    },
    "pdfjs-dist": {
      "version": "1.7.225",
      "resolved": "https://registry.npmjs.org/pdfjs-dist/-/pdfjs-dist-1.7.225.tgz",
      "integrity": "sha1-Ir/kQukn6D39jcs511sCM2rZNSQ=",
      "requires": {
        "node-ensure": "^0.0.0"
      }
    },
    "sweetalert": {
      "version": "0.4.2",
      "resolved": "https://registry.npmjs.org/sweetalert/-/sweetalert-0.4.2.tgz",
      "integrity": "sha1-/AnviJSNDyXk8SMqIhSfCecDdT4="
    },
    "swiper": {
      "version": "3.4.2",
      "resolved": "https://registry.npmjs.org/swiper/-/swiper-3.4.2.tgz",
      "integrity": "sha1-Oda0ELGjmDPh9y07cpmd9fXjg5I="
    }
  }
}
